
Microsoft Visual Studio Solution File, Format Version 12.00
# Visual Studio 15
VisualStudioVersion = 15.0.28010.2036
MinimumVisualStudioVersion = 10.0.40219.1
Project("{8BC9CEB8-8B4A-11D0-8D11-00A0C91BC942}") = "Mobile Service Provider", "Mobile Service Provider\Mobile Service Provider.vcxproj", "{61107F9A-4FDD-4D83-8F6F-497CB8017CE8}"
EndProject
Global
	GlobalSection(SolutionConfigurationPlatforms) = preSolution
		Debug|x64 = Debug|x64
		Debug|x86 = Debug|x86
		Release|x64 = Release|x64
		Release|x86 = Release|x86
	EndGlobalSection
	GlobalSection(ProjectConfigurationPlatforms) = postSolution
		{61107F9A-4FDD-4D83-8F6F-497CB8017CE8}.Debug|x64.ActiveCfg = Debug|x64
		{61107F9A-4FDD-4D83-8F6F-497CB8017CE8}.Debug|x64.Build.0 = Debug|x64
		{61107F9A-4FDD-4D83-8F6F-497CB8017CE8}.Debug|x86.ActiveCfg = Debug|Win32
		{61107F9A-4FDD-4D83-8F6F-497CB8017CE8}.Debug|x86.Build.0 = Debug|Win32
		{61107F9A-4FDD-4D83-8F6F-497CB8017CE8}.Release|x64.ActiveCfg = Release|x64
		{61107F9A-4FDD-4D83-8F6F-497CB8017CE8}.Release|x64.Build.0 = Release|x64
		{61107F9A-4FDD-4D83-8F6F-497CB8017CE8}.Release|x86.ActiveCfg = Release|Win32
		{61107F9A-4FDD-4D83-8F6F-497CB8017CE8}.Release|x86.Build.0 = Release|Win32
	EndGlobalSection
	GlobalSection(SolutionProperties) = preSolution
		HideSolutionNode = FALSE
	EndGlobalSection
	GlobalSection(ExtensibilityGlobals) = postSolution
		SolutionGuid = {7A6D3BA8-E2A4-4BB4-B4C0-13F4B6C2385A}
	EndGlobalSection
EndGlobal
