
Microsoft Visual Studio Solution File, Format Version 12.00
# Visual Studio 15
VisualStudioVersion = 15.0.28010.2036
MinimumVisualStudioVersion = 10.0.40219.1
Project("{8BC9CEB8-8B4A-11D0-8D11-00A0C91BC942}") = "Sum of Numbers", "Sum of Numbers\Sum of Numbers.vcxproj", "{6E9E964E-4AEE-4E45-B0FA-59659B201E73}"
EndProject
Global
	GlobalSection(SolutionConfigurationPlatforms) = preSolution
		Debug|x64 = Debug|x64
		Debug|x86 = Debug|x86
		Release|x64 = Release|x64
		Release|x86 = Release|x86
	EndGlobalSection
	GlobalSection(ProjectConfigurationPlatforms) = postSolution
		{6E9E964E-4AEE-4E45-B0FA-59659B201E73}.Debug|x64.ActiveCfg = Debug|x64
		{6E9E964E-4AEE-4E45-B0FA-59659B201E73}.Debug|x64.Build.0 = Debug|x64
		{6E9E964E-4AEE-4E45-B0FA-59659B201E73}.Debug|x86.ActiveCfg = Debug|Win32
		{6E9E964E-4AEE-4E45-B0FA-59659B201E73}.Debug|x86.Build.0 = Debug|Win32
		{6E9E964E-4AEE-4E45-B0FA-59659B201E73}.Release|x64.ActiveCfg = Release|x64
		{6E9E964E-4AEE-4E45-B0FA-59659B201E73}.Release|x64.Build.0 = Release|x64
		{6E9E964E-4AEE-4E45-B0FA-59659B201E73}.Release|x86.ActiveCfg = Release|Win32
		{6E9E964E-4AEE-4E45-B0FA-59659B201E73}.Release|x86.Build.0 = Release|Win32
	EndGlobalSection
	GlobalSection(SolutionProperties) = preSolution
		HideSolutionNode = FALSE
	EndGlobalSection
	GlobalSection(ExtensibilityGlobals) = postSolution
		SolutionGuid = {40A2C4EC-2679-4781-ADF0-AADD9D1794E5}
	EndGlobalSection
EndGlobal
