
Microsoft Visual Studio Solution File, Format Version 12.00
# Visual Studio 15
VisualStudioVersion = 15.0.28010.2036
MinimumVisualStudioVersion = 10.0.40219.1
Project("{8BC9CEB8-8B4A-11D0-8D11-00A0C91BC942}") = "Fat Gram Calculator", "Fat Gram Calculator\Fat Gram Calculator.vcxproj", "{CE41CC89-06DE-46EB-BE14-EF5A76B6B670}"
EndProject
Global
	GlobalSection(SolutionConfigurationPlatforms) = preSolution
		Debug|x64 = Debug|x64
		Debug|x86 = Debug|x86
		Release|x64 = Release|x64
		Release|x86 = Release|x86
	EndGlobalSection
	GlobalSection(ProjectConfigurationPlatforms) = postSolution
		{CE41CC89-06DE-46EB-BE14-EF5A76B6B670}.Debug|x64.ActiveCfg = Debug|x64
		{CE41CC89-06DE-46EB-BE14-EF5A76B6B670}.Debug|x64.Build.0 = Debug|x64
		{CE41CC89-06DE-46EB-BE14-EF5A76B6B670}.Debug|x86.ActiveCfg = Debug|Win32
		{CE41CC89-06DE-46EB-BE14-EF5A76B6B670}.Debug|x86.Build.0 = Debug|Win32
		{CE41CC89-06DE-46EB-BE14-EF5A76B6B670}.Release|x64.ActiveCfg = Release|x64
		{CE41CC89-06DE-46EB-BE14-EF5A76B6B670}.Release|x64.Build.0 = Release|x64
		{CE41CC89-06DE-46EB-BE14-EF5A76B6B670}.Release|x86.ActiveCfg = Release|Win32
		{CE41CC89-06DE-46EB-BE14-EF5A76B6B670}.Release|x86.Build.0 = Release|Win32
	EndGlobalSection
	GlobalSection(SolutionProperties) = preSolution
		HideSolutionNode = FALSE
	EndGlobalSection
	GlobalSection(ExtensibilityGlobals) = postSolution
		SolutionGuid = {984BAB59-DB84-408F-A70E-34D8F7DA9A7B}
	EndGlobalSection
EndGlobal
