
Microsoft Visual Studio Solution File, Format Version 12.00
# Visual Studio 15
VisualStudioVersion = 15.0.28010.2036
MinimumVisualStudioVersion = 10.0.40219.1
Project("{8BC9CEB8-8B4A-11D0-8D11-00A0C91BC942}") = "Celsius to Fahrenheit using Loops", "Celsius to Fahrenheit using Loops\Celsius to Fahrenheit using Loops.vcxproj", "{A20A0163-C072-43AC-8C93-918C5781102E}"
EndProject
Global
	GlobalSection(SolutionConfigurationPlatforms) = preSolution
		Debug|x64 = Debug|x64
		Debug|x86 = Debug|x86
		Release|x64 = Release|x64
		Release|x86 = Release|x86
	EndGlobalSection
	GlobalSection(ProjectConfigurationPlatforms) = postSolution
		{A20A0163-C072-43AC-8C93-918C5781102E}.Debug|x64.ActiveCfg = Debug|x64
		{A20A0163-C072-43AC-8C93-918C5781102E}.Debug|x64.Build.0 = Debug|x64
		{A20A0163-C072-43AC-8C93-918C5781102E}.Debug|x86.ActiveCfg = Debug|Win32
		{A20A0163-C072-43AC-8C93-918C5781102E}.Debug|x86.Build.0 = Debug|Win32
		{A20A0163-C072-43AC-8C93-918C5781102E}.Release|x64.ActiveCfg = Release|x64
		{A20A0163-C072-43AC-8C93-918C5781102E}.Release|x64.Build.0 = Release|x64
		{A20A0163-C072-43AC-8C93-918C5781102E}.Release|x86.ActiveCfg = Release|Win32
		{A20A0163-C072-43AC-8C93-918C5781102E}.Release|x86.Build.0 = Release|Win32
	EndGlobalSection
	GlobalSection(SolutionProperties) = preSolution
		HideSolutionNode = FALSE
	EndGlobalSection
	GlobalSection(ExtensibilityGlobals) = postSolution
		SolutionGuid = {1090DFD1-79D2-4E24-89FC-F0B22F2EA4EB}
	EndGlobalSection
EndGlobal
