
Microsoft Visual Studio Solution File, Format Version 12.00
# Visual Studio 15
VisualStudioVersion = 15.0.28010.2036
MinimumVisualStudioVersion = 10.0.40219.1
Project("{8BC9CEB8-8B4A-11D0-8D11-00A0C91BC942}") = "Ocean Levels", "Ocean Levels\Ocean Levels.vcxproj", "{71E7B80F-FE03-452F-8D8C-B42328158F8F}"
EndProject
Global
	GlobalSection(SolutionConfigurationPlatforms) = preSolution
		Debug|x64 = Debug|x64
		Debug|x86 = Debug|x86
		Release|x64 = Release|x64
		Release|x86 = Release|x86
	EndGlobalSection
	GlobalSection(ProjectConfigurationPlatforms) = postSolution
		{71E7B80F-FE03-452F-8D8C-B42328158F8F}.Debug|x64.ActiveCfg = Debug|x64
		{71E7B80F-FE03-452F-8D8C-B42328158F8F}.Debug|x64.Build.0 = Debug|x64
		{71E7B80F-FE03-452F-8D8C-B42328158F8F}.Debug|x86.ActiveCfg = Debug|Win32
		{71E7B80F-FE03-452F-8D8C-B42328158F8F}.Debug|x86.Build.0 = Debug|Win32
		{71E7B80F-FE03-452F-8D8C-B42328158F8F}.Release|x64.ActiveCfg = Release|x64
		{71E7B80F-FE03-452F-8D8C-B42328158F8F}.Release|x64.Build.0 = Release|x64
		{71E7B80F-FE03-452F-8D8C-B42328158F8F}.Release|x86.ActiveCfg = Release|Win32
		{71E7B80F-FE03-452F-8D8C-B42328158F8F}.Release|x86.Build.0 = Release|Win32
	EndGlobalSection
	GlobalSection(SolutionProperties) = preSolution
		HideSolutionNode = FALSE
	EndGlobalSection
	GlobalSection(ExtensibilityGlobals) = postSolution
		SolutionGuid = {608A81AD-6C32-4253-B3D3-10A8FB3347B3}
	EndGlobalSection
EndGlobal
