
Microsoft Visual Studio Solution File, Format Version 12.00
# Visual Studio 15
VisualStudioVersion = 15.0.28010.2036
MinimumVisualStudioVersion = 10.0.40219.1
Project("{8BC9CEB8-8B4A-11D0-8D11-00A0C91BC942}") = "Weight Loss Calculator", "Weight Loss Calculator\Weight Loss Calculator.vcxproj", "{1D92510E-A1D2-460C-AE52-6519F4A9C10D}"
EndProject
Global
	GlobalSection(SolutionConfigurationPlatforms) = preSolution
		Debug|x64 = Debug|x64
		Debug|x86 = Debug|x86
		Release|x64 = Release|x64
		Release|x86 = Release|x86
	EndGlobalSection
	GlobalSection(ProjectConfigurationPlatforms) = postSolution
		{1D92510E-A1D2-460C-AE52-6519F4A9C10D}.Debug|x64.ActiveCfg = Debug|x64
		{1D92510E-A1D2-460C-AE52-6519F4A9C10D}.Debug|x64.Build.0 = Debug|x64
		{1D92510E-A1D2-460C-AE52-6519F4A9C10D}.Debug|x86.ActiveCfg = Debug|Win32
		{1D92510E-A1D2-460C-AE52-6519F4A9C10D}.Debug|x86.Build.0 = Debug|Win32
		{1D92510E-A1D2-460C-AE52-6519F4A9C10D}.Release|x64.ActiveCfg = Release|x64
		{1D92510E-A1D2-460C-AE52-6519F4A9C10D}.Release|x64.Build.0 = Release|x64
		{1D92510E-A1D2-460C-AE52-6519F4A9C10D}.Release|x86.ActiveCfg = Release|Win32
		{1D92510E-A1D2-460C-AE52-6519F4A9C10D}.Release|x86.Build.0 = Release|Win32
	EndGlobalSection
	GlobalSection(SolutionProperties) = preSolution
		HideSolutionNode = FALSE
	EndGlobalSection
	GlobalSection(ExtensibilityGlobals) = postSolution
		SolutionGuid = {3E5ACE60-7DE0-40A5-8699-4E93600F906A}
	EndGlobalSection
EndGlobal
